// !$*UTF8*$!
{
	archiveVersion = 1;
	classes = {
	};
	objectVersion = 56;
	objects = {

/* Begin PBXBuildFile section */
		561558A12A1041B400155F3F /* Service.swift in Sources */ = {isa = PBXBuildFile; fileRef = 561558A02A1041B400155F3F /* Service.swift */; };
		561558A32A1158CB00155F3F /* Model.swift in Sources */ = {isa = PBXBuildFile; fileRef = 561558A22A1158CB00155F3F /* Model.swift */; };
		5635E69229FCFB6D00017FC1 /* AppDelegate.swift in Sources */ = {isa = PBXBuildFile; fileRef = 5635E69129FCFB6D00017FC1 /* AppDelegate.swift */; };
		5635E69429FCFB6D00017FC1 /* SceneDelegate.swift in Sources */ = {isa = PBXBuildFile; fileRef = 5635E69329FCFB6D00017FC1 /* SceneDelegate.swift */; };
		5635E69929FCFB6D00017FC1 /* Main.storyboard in Resources */ = {isa = PBXBuildFile; fileRef = 5635E69729FCFB6D00017FC1 /* Main.storyboard */; };
		5635E69C29FCFB6D00017FC1 /* FanApp.xcdatamodeld in Sources */ = {isa = PBXBuildFile; fileRef = 5635E69A29FCFB6D00017FC1 /* FanApp.xcdatamodeld */; };
		5635E69E29FCFB6E00017FC1 /* Assets.xcassets in Resources */ = {isa = PBXBuildFile; fileRef = 5635E69D29FCFB6E00017FC1 /* Assets.xcassets */; };
		5635E6A129FCFB6E00017FC1 /* LaunchScreen.storyboard in Resources */ = {isa = PBXBuildFile; fileRef = 5635E69F29FCFB6E00017FC1 /* LaunchScreen.storyboard */; };
		5635E6AC29FCFB6E00017FC1 /* FanAppTests.swift in Sources */ = {isa = PBXBuildFile; fileRef = 5635E6AB29FCFB6E00017FC1 /* FanAppTests.swift */; };
		5635E6B629FCFB6E00017FC1 /* FanAppUITests.swift in Sources */ = {isa = PBXBuildFile; fileRef = 5635E6B529FCFB6E00017FC1 /* FanAppUITests.swift */; };
		5635E6B829FCFB6E00017FC1 /* FanAppUITestsLaunchTests.swift in Sources */ = {isa = PBXBuildFile; fileRef = 5635E6B729FCFB6E00017FC1 /* FanAppUITestsLaunchTests.swift */; };
		5635E6C929FCFEC000017FC1 /* LoginViewController.swift in Sources */ = {isa = PBXBuildFile; fileRef = 5635E6C829FCFEC000017FC1 /* LoginViewController.swift */; };
		5635E6CE29FD067200017FC1 /* SlideCollectionViewCell.swift in Sources */ = {isa = PBXBuildFile; fileRef = 5635E6CC29FD067200017FC1 /* SlideCollectionViewCell.swift */; };
		5635E6CF29FD067200017FC1 /* SlideCollectionViewCell.xib in Resources */ = {isa = PBXBuildFile; fileRef = 5635E6CD29FD067200017FC1 /* SlideCollectionViewCell.xib */; };
		563E950A29FF4F13007D357B /* RegViewController.swift in Sources */ = {isa = PBXBuildFile; fileRef = 563E950929FF4F13007D357B /* RegViewController.swift */; };
		563E950C29FF4F2A007D357B /* AuthViewController.swift in Sources */ = {isa = PBXBuildFile; fileRef = 563E950B29FF4F2A007D357B /* AuthViewController.swift */; };
		563E950F29FF51E7007D357B /* AppViewController.swift in Sources */ = {isa = PBXBuildFile; fileRef = 563E950E29FF51E7007D357B /* AppViewController.swift */; };
		5676AD302A08579F00B2CAE0 /* GoogleService-Info.plist in Resources */ = {isa = PBXBuildFile; fileRef = 5676AD2F2A08579F00B2CAE0 /* GoogleService-Info.plist */; };
		5676AD332A0858A200B2CAE0 /* FirebaseAnalytics in Frameworks */ = {isa = PBXBuildFile; productRef = 5676AD322A0858A200B2CAE0 /* FirebaseAnalytics */; };
		5676AD352A0858A200B2CAE0 /* FirebaseAnalyticsOnDeviceConversion in Frameworks */ = {isa = PBXBuildFile; productRef = 5676AD342A0858A200B2CAE0 /* FirebaseAnalyticsOnDeviceConversion */; };
		5676AD372A0858A200B2CAE0 /* FirebaseAnalyticsSwift in Frameworks */ = {isa = PBXBuildFile; productRef = 5676AD362A0858A200B2CAE0 /* FirebaseAnalyticsSwift */; };
		5676AD392A0858A200B2CAE0 /* FirebaseAnalyticsWithoutAdIdSupport in Frameworks */ = {isa = PBXBuildFile; productRef = 5676AD382A0858A200B2CAE0 /* FirebaseAnalyticsWithoutAdIdSupport */; };
		5676AD3B2A0858A200B2CAE0 /* FirebaseAppCheck in Frameworks */ = {isa = PBXBuildFile; productRef = 5676AD3A2A0858A200B2CAE0 /* FirebaseAppCheck */; };
		5676AD3D2A0858A200B2CAE0 /* FirebaseAppDistribution-Beta in Frameworks */ = {isa = PBXBuildFile; productRef = 5676AD3C2A0858A200B2CAE0 /* FirebaseAppDistribution-Beta */; };
		5676AD3F2A0858A200B2CAE0 /* FirebaseAuth in Frameworks */ = {isa = PBXBuildFile; productRef = 5676AD3E2A0858A200B2CAE0 /* FirebaseAuth */; };
		5676AD412A0858A200B2CAE0 /* FirebaseAuthCombine-Community in Frameworks */ = {isa = PBXBuildFile; productRef = 5676AD402A0858A200B2CAE0 /* FirebaseAuthCombine-Community */; };
		5676AD432A0858A200B2CAE0 /* FirebaseCrashlytics in Frameworks */ = {isa = PBXBuildFile; productRef = 5676AD422A0858A200B2CAE0 /* FirebaseCrashlytics */; };
		5676AD452A0858A200B2CAE0 /* FirebaseDatabase in Frameworks */ = {isa = PBXBuildFile; productRef = 5676AD442A0858A200B2CAE0 /* FirebaseDatabase */; };
		5676AD472A0858A200B2CAE0 /* FirebaseDatabaseSwift in Frameworks */ = {isa = PBXBuildFile; productRef = 5676AD462A0858A200B2CAE0 /* FirebaseDatabaseSwift */; };
		5676AD492A0858A200B2CAE0 /* FirebaseDynamicLinks in Frameworks */ = {isa = PBXBuildFile; productRef = 5676AD482A0858A200B2CAE0 /* FirebaseDynamicLinks */; };
		5676AD4B2A0858A200B2CAE0 /* FirebaseFirestore in Frameworks */ = {isa = PBXBuildFile; productRef = 5676AD4A2A0858A200B2CAE0 /* FirebaseFirestore */; };
		5676AD4D2A0858A200B2CAE0 /* FirebaseFirestoreCombine-Community in Frameworks */ = {isa = PBXBuildFile; productRef = 5676AD4C2A0858A200B2CAE0 /* FirebaseFirestoreCombine-Community */; };
		5676AD4F2A0858A200B2CAE0 /* FirebaseFirestoreSwift in Frameworks */ = {isa = PBXBuildFile; productRef = 5676AD4E2A0858A200B2CAE0 /* FirebaseFirestoreSwift */; };
		5676AD512A0858A200B2CAE0 /* FirebaseFunctions in Frameworks */ = {isa = PBXBuildFile; productRef = 5676AD502A0858A200B2CAE0 /* FirebaseFunctions */; };
		5676AD532A0858A200B2CAE0 /* FirebaseFunctionsCombine-Community in Frameworks */ = {isa = PBXBuildFile; productRef = 5676AD522A0858A200B2CAE0 /* FirebaseFunctionsCombine-Community */; };
		5676AD552A0858A200B2CAE0 /* FirebaseInAppMessaging-Beta in Frameworks */ = {isa = PBXBuildFile; productRef = 5676AD542A0858A200B2CAE0 /* FirebaseInAppMessaging-Beta */; };
		5676AD572A0858A200B2CAE0 /* FirebaseInAppMessagingSwift-Beta in Frameworks */ = {isa = PBXBuildFile; productRef = 5676AD562A0858A200B2CAE0 /* FirebaseInAppMessagingSwift-Beta */; };
		5676AD592A0858A200B2CAE0 /* FirebaseInstallations in Frameworks */ = {isa = PBXBuildFile; productRef = 5676AD582A0858A200B2CAE0 /* FirebaseInstallations */; };
		5676AD5B2A0858A200B2CAE0 /* FirebaseMLModelDownloader in Frameworks */ = {isa = PBXBuildFile; productRef = 5676AD5A2A0858A200B2CAE0 /* FirebaseMLModelDownloader */; };
		5676AD5D2A0858A200B2CAE0 /* FirebaseMessaging in Frameworks */ = {isa = PBXBuildFile; productRef = 5676AD5C2A0858A200B2CAE0 /* FirebaseMessaging */; };
		5676AD5F2A0858A200B2CAE0 /* FirebasePerformance in Frameworks */ = {isa = PBXBuildFile; productRef = 5676AD5E2A0858A200B2CAE0 /* FirebasePerformance */; };
		5676AD612A0858A200B2CAE0 /* FirebaseRemoteConfig in Frameworks */ = {isa = PBXBuildFile; productRef = 5676AD602A0858A200B2CAE0 /* FirebaseRemoteConfig */; };
		5676AD632A0858A200B2CAE0 /* FirebaseRemoteConfigSwift in Frameworks */ = {isa = PBXBuildFile; productRef = 5676AD622A0858A200B2CAE0 /* FirebaseRemoteConfigSwift */; };
		5676AD652A0858A200B2CAE0 /* FirebaseStorage in Frameworks */ = {isa = PBXBuildFile; productRef = 5676AD642A0858A200B2CAE0 /* FirebaseStorage */; };
		5676AD672A0858A200B2CAE0 /* FirebaseStorageCombine-Community in Frameworks */ = {isa = PBXBuildFile; productRef = 5676AD662A0858A200B2CAE0 /* FirebaseStorageCombine-Community */; };
		5676AD692A0AF91200B2CAE0 /* CheckField.swift in Sources */ = {isa = PBXBuildFile; fileRef = 5676AD682A0AF91200B2CAE0 /* CheckField.swift */; };
		56AF26FE2A057C57008750B7 /* SliderSlides.swift in Sources */ = {isa = PBXBuildFile; fileRef = 56AF26FD2A057C57008750B7 /* SliderSlides.swift */; };
/* End PBXBuildFile section */

/* Begin PBXContainerItemProxy section */
		5635E6A829FCFB6E00017FC1 /* PBXContainerItemProxy */ = {
			isa = PBXContainerItemProxy;
			containerPortal = 5635E68629FCFB6D00017FC1 /* Project object */;
			proxyType = 1;
			remoteGlobalIDString = 5635E68D29FCFB6D00017FC1;
			remoteInfo = FanApp;
		};
		5635E6B229FCFB6E00017FC1 /* PBXContainerItemProxy */ = {
			isa = PBXContainerItemProxy;
			containerPortal = 5635E68629FCFB6D00017FC1 /* Project object */;
			proxyType = 1;
			remoteGlobalIDString = 5635E68D29FCFB6D00017FC1;
			remoteInfo = FanApp;
		};
/* End PBXContainerItemProxy section */

/* Begin PBXFileReference section */
		561558A02A1041B400155F3F /* Service.swift */ = {isa = PBXFileReference; lastKnownFileType = sourcecode.swift; path = Service.swift; sourceTree = "<group>"; };
		561558A22A1158CB00155F3F /* Model.swift */ = {isa = PBXFileReference; lastKnownFileType = sourcecode.swift; path = Model.swift; sourceTree = "<group>"; };
		5635E68E29FCFB6D00017FC1 /* FanApp.app */ = {isa = PBXFileReference; explicitFileType = wrapper.application; includeInIndex = 0; path = FanApp.app; sourceTree = BUILT_PRODUCTS_DIR; };
		5635E69129FCFB6D00017FC1 /* AppDelegate.swift */ = {isa = PBXFileReference; lastKnownFileType = sourcecode.swift; path = AppDelegate.swift; sourceTree = "<group>"; };
		5635E69329FCFB6D00017FC1 /* SceneDelegate.swift */ = {isa = PBXFileReference; lastKnownFileType = sourcecode.swift; path = SceneDelegate.swift; sourceTree = "<group>"; };
		5635E69829FCFB6D00017FC1 /* Base */ = {isa = PBXFileReference; lastKnownFileType = file.storyboard; name = Base; path = Base.lproj/Main.storyboard; sourceTree = "<group>"; };
		5635E69B29FCFB6D00017FC1 /* FanApp.xcdatamodel */ = {isa = PBXFileReference; lastKnownFileType = wrapper.xcdatamodel; path = FanApp.xcdatamodel; sourceTree = "<group>"; };
		5635E69D29FCFB6E00017FC1 /* Assets.xcassets */ = {isa = PBXFileReference; lastKnownFileType = folder.assetcatalog; path = Assets.xcassets; sourceTree = "<group>"; };
		5635E6A029FCFB6E00017FC1 /* Base */ = {isa = PBXFileReference; lastKnownFileType = file.storyboard; name = Base; path = Base.lproj/LaunchScreen.storyboard; sourceTree = "<group>"; };
		5635E6A229FCFB6E00017FC1 /* Info.plist */ = {isa = PBXFileReference; lastKnownFileType = text.plist.xml; path = Info.plist; sourceTree = "<group>"; };
		5635E6A729FCFB6E00017FC1 /* FanAppTests.xctest */ = {isa = PBXFileReference; explicitFileType = wrapper.cfbundle; includeInIndex = 0; path = FanAppTests.xctest; sourceTree = BUILT_PRODUCTS_DIR; };
		5635E6AB29FCFB6E00017FC1 /* FanAppTests.swift */ = {isa = PBXFileReference; lastKnownFileType = sourcecode.swift; path = FanAppTests.swift; sourceTree = "<group>"; };
		5635E6B129FCFB6E00017FC1 /* FanAppUITests.xctest */ = {isa = PBXFileReference; explicitFileType = wrapper.cfbundle; includeInIndex = 0; path = FanAppUITests.xctest; sourceTree = BUILT_PRODUCTS_DIR; };
		5635E6B529FCFB6E00017FC1 /* FanAppUITests.swift */ = {isa = PBXFileReference; lastKnownFileType = sourcecode.swift; path = FanAppUITests.swift; sourceTree = "<group>"; };
		5635E6B729FCFB6E00017FC1 /* FanAppUITestsLaunchTests.swift */ = {isa = PBXFileReference; lastKnownFileType = sourcecode.swift; path = FanAppUITestsLaunchTests.swift; sourceTree = "<group>"; };
		5635E6C829FCFEC000017FC1 /* LoginViewController.swift */ = {isa = PBXFileReference; lastKnownFileType = sourcecode.swift; path = LoginViewController.swift; sourceTree = "<group>"; };
		5635E6CC29FD067200017FC1 /* SlideCollectionViewCell.swift */ = {isa = PBXFileReference; lastKnownFileType = sourcecode.swift; path = SlideCollectionViewCell.swift; sourceTree = "<group>"; };
		5635E6CD29FD067200017FC1 /* SlideCollectionViewCell.xib */ = {isa = PBXFileReference; lastKnownFileType = file.xib; path = SlideCollectionViewCell.xib; sourceTree = "<group>"; };
		563E950929FF4F13007D357B /* RegViewController.swift */ = {isa = PBXFileReference; lastKnownFileType = sourcecode.swift; path = RegViewController.swift; sourceTree = "<group>"; };
		563E950B29FF4F2A007D357B /* AuthViewController.swift */ = {isa = PBXFileReference; lastKnownFileType = sourcecode.swift; path = AuthViewController.swift; sourceTree = "<group>"; };
		563E950E29FF51E7007D357B /* AppViewController.swift */ = {isa = PBXFileReference; lastKnownFileType = sourcecode.swift; path = AppViewController.swift; sourceTree = "<group>"; };
		5676AD2F2A08579F00B2CAE0 /* GoogleService-Info.plist */ = {isa = PBXFileReference; fileEncoding = 4; lastKnownFileType = text.plist.xml; path = "GoogleService-Info.plist"; sourceTree = "<group>"; };
		5676AD682A0AF91200B2CAE0 /* CheckField.swift */ = {isa = PBXFileReference; lastKnownFileType = sourcecode.swift; path = CheckField.swift; sourceTree = "<group>"; };
		56AF26FD2A057C57008750B7 /* SliderSlides.swift */ = {isa = PBXFileReference; lastKnownFileType = sourcecode.swift; path = SliderSlides.swift; sourceTree = "<group>"; };
/* End PBXFileReference section */

/* Begin PBXFrameworksBuildPhase section */
		5635E68B29FCFB6D00017FC1 /* Frameworks */ = {
			isa = PBXFrameworksBuildPhase;
			buildActionMask = 2147483647;
			files = (
				5676AD452A0858A200B2CAE0 /* FirebaseDatabase in Frameworks */,
				5676AD532A0858A200B2CAE0 /* FirebaseFunctionsCombine-Community in Frameworks */,
				5676AD4B2A0858A200B2CAE0 /* FirebaseFirestore in Frameworks */,
				5676AD372A0858A200B2CAE0 /* FirebaseAnalyticsSwift in Frameworks */,
				5676AD332A0858A200B2CAE0 /* FirebaseAnalytics in Frameworks */,
				5676AD352A0858A200B2CAE0 /* FirebaseAnalyticsOnDeviceConversion in Frameworks */,
				5676AD5B2A0858A200B2CAE0 /* FirebaseMLModelDownloader in Frameworks */,
				5676AD4F2A0858A200B2CAE0 /* FirebaseFirestoreSwift in Frameworks */,
				5676AD3B2A0858A200B2CAE0 /* FirebaseAppCheck in Frameworks */,
				5676AD392A0858A200B2CAE0 /* FirebaseAnalyticsWithoutAdIdSupport in Frameworks */,
				5676AD3F2A0858A200B2CAE0 /* FirebaseAuth in Frameworks */,
				5676AD432A0858A200B2CAE0 /* FirebaseCrashlytics in Frameworks */,
				5676AD632A0858A200B2CAE0 /* FirebaseRemoteConfigSwift in Frameworks */,
				5676AD552A0858A200B2CAE0 /* FirebaseInAppMessaging-Beta in Frameworks */,
				5676AD472A0858A200B2CAE0 /* FirebaseDatabaseSwift in Frameworks */,
				5676AD512A0858A200B2CAE0 /* FirebaseFunctions in Frameworks */,
				5676AD672A0858A200B2CAE0 /* FirebaseStorageCombine-Community in Frameworks */,
				5676AD612A0858A200B2CAE0 /* FirebaseRemoteConfig in Frameworks */,
				5676AD3D2A0858A200B2CAE0 /* FirebaseAppDistribution-Beta in Frameworks */,
				5676AD412A0858A200B2CAE0 /* FirebaseAuthCombine-Community in Frameworks */,
				5676AD5F2A0858A200B2CAE0 /* FirebasePerformance in Frameworks */,
				5676AD572A0858A200B2CAE0 /* FirebaseInAppMessagingSwift-Beta in Frameworks */,
				5676AD652A0858A200B2CAE0 /* FirebaseStorage in Frameworks */,
				5676AD492A0858A200B2CAE0 /* FirebaseDynamicLinks in Frameworks */,
				5676AD4D2A0858A200B2CAE0 /* FirebaseFirestoreCombine-Community in Frameworks */,
				5676AD5D2A0858A200B2CAE0 /* FirebaseMessaging in Frameworks */,
				5676AD592A0858A200B2CAE0 /* FirebaseInstallations in Frameworks */,
			);
			runOnlyForDeploymentPostprocessing = 0;
		};
		5635E6A429FCFB6E00017FC1 /* Frameworks */ = {
			isa = PBXFrameworksBuildPhase;
			buildActionMask = 2147483647;
			files = (
			);
			runOnlyForDeploymentPostprocessing = 0;
		};
		5635E6AE29FCFB6E00017FC1 /* Frameworks */ = {
			isa = PBXFrameworksBuildPhase;
			buildActionMask = 2147483647;
			files = (
			);
			runOnlyForDeploymentPostprocessing = 0;
		};
/* End PBXFrameworksBuildPhase section */

/* Begin PBXGroup section */
		5635E68529FCFB6D00017FC1 = {
			isa = PBXGroup;
			children = (
				5635E69029FCFB6D00017FC1 /* FanApp */,
				5635E6AA29FCFB6E00017FC1 /* FanAppTests */,
				5635E6B429FCFB6E00017FC1 /* FanAppUITests */,
				5635E68F29FCFB6D00017FC1 /* Products */,
			);
			sourceTree = "<group>";
		};
		5635E68F29FCFB6D00017FC1 /* Products */ = {
			isa = PBXGroup;
			children = (
				5635E68E29FCFB6D00017FC1 /* FanApp.app */,
				5635E6A729FCFB6E00017FC1 /* FanAppTests.xctest */,
				5635E6B129FCFB6E00017FC1 /* FanAppUITests.xctest */,
			);
			name = Products;
			sourceTree = "<group>";
		};
		5635E69029FCFB6D00017FC1 /* FanApp */ = {
			isa = PBXGroup;
			children = (
				5635E6C629FCFDD700017FC1 /* Controller */,
				5635E6C529FCFDCF00017FC1 /* View */,
				5635E6C429FCFDC500017FC1 /* Model */,
				5635E69129FCFB6D00017FC1 /* AppDelegate.swift */,
				5635E69329FCFB6D00017FC1 /* SceneDelegate.swift */,
				5635E69729FCFB6D00017FC1 /* Main.storyboard */,
				5635E69D29FCFB6E00017FC1 /* Assets.xcassets */,
				5635E69F29FCFB6E00017FC1 /* LaunchScreen.storyboard */,
				5635E6A229FCFB6E00017FC1 /* Info.plist */,
				5676AD2F2A08579F00B2CAE0 /* GoogleService-Info.plist */,
				5635E69A29FCFB6D00017FC1 /* FanApp.xcdatamodeld */,
			);
			path = FanApp;
			sourceTree = "<group>";
		};
		5635E6AA29FCFB6E00017FC1 /* FanAppTests */ = {
			isa = PBXGroup;
			children = (
				5635E6AB29FCFB6E00017FC1 /* FanAppTests.swift */,
			);
			path = FanAppTests;
			sourceTree = "<group>";
		};
		5635E6B429FCFB6E00017FC1 /* FanAppUITests */ = {
			isa = PBXGroup;
			children = (
				5635E6B529FCFB6E00017FC1 /* FanAppUITests.swift */,
				5635E6B729FCFB6E00017FC1 /* FanAppUITestsLaunchTests.swift */,
			);
			path = FanAppUITests;
			sourceTree = "<group>";
		};
		5635E6C429FCFDC500017FC1 /* Model */ = {
			isa = PBXGroup;
			children = (
				561558A22A1158CB00155F3F /* Model.swift */,
				56AF26FD2A057C57008750B7 /* SliderSlides.swift */,
				5676AD682A0AF91200B2CAE0 /* CheckField.swift */,
				561558A02A1041B400155F3F /* Service.swift */,
			);
			path = Model;
			sourceTree = "<group>";
		};
		5635E6C529FCFDCF00017FC1 /* View */ = {
			isa = PBXGroup;
			children = (
				5635E6CB29FD025B00017FC1 /* Slide */,
			);
			path = View;
			sourceTree = "<group>";
		};
		5635E6C629FCFDD700017FC1 /* Controller */ = {
			isa = PBXGroup;
			children = (
				563E950D29FF51A7007D357B /* App */,
				5635E6CA29FCFED100017FC1 /* Login */,
			);
			path = Controller;
			sourceTree = "<group>";
		};
		5635E6CA29FCFED100017FC1 /* Login */ = {
			isa = PBXGroup;
			children = (
				5635E6C829FCFEC000017FC1 /* LoginViewController.swift */,
				563E950929FF4F13007D357B /* RegViewController.swift */,
				563E950B29FF4F2A007D357B /* AuthViewController.swift */,
			);
			path = Login;
			sourceTree = "<group>";
		};
		5635E6CB29FD025B00017FC1 /* Slide */ = {
			isa = PBXGroup;
			children = (
				5635E6CC29FD067200017FC1 /* SlideCollectionViewCell.swift */,
				5635E6CD29FD067200017FC1 /* SlideCollectionViewCell.xib */,
			);
			path = Slide;
			sourceTree = "<group>";
		};
		563E950D29FF51A7007D357B /* App */ = {
			isa = PBXGroup;
			children = (
				563E950E29FF51E7007D357B /* AppViewController.swift */,
			);
			path = App;
			sourceTree = "<group>";
		};
/* End PBXGroup section */

/* Begin PBXNativeTarget section */
		5635E68D29FCFB6D00017FC1 /* FanApp */ = {
			isa = PBXNativeTarget;
			buildConfigurationList = 5635E6BB29FCFB6E00017FC1 /* Build configuration list for PBXNativeTarget "FanApp" */;
			buildPhases = (
				5635E68A29FCFB6D00017FC1 /* Sources */,
				5635E68B29FCFB6D00017FC1 /* Frameworks */,
				5635E68C29FCFB6D00017FC1 /* Resources */,
			);
			buildRules = (
			);
			dependencies = (
			);
			name = FanApp;
			packageProductDependencies = (
				5676AD322A0858A200B2CAE0 /* FirebaseAnalytics */,
				5676AD342A0858A200B2CAE0 /* FirebaseAnalyticsOnDeviceConversion */,
				5676AD362A0858A200B2CAE0 /* FirebaseAnalyticsSwift */,
				5676AD382A0858A200B2CAE0 /* FirebaseAnalyticsWithoutAdIdSupport */,
				5676AD3A2A0858A200B2CAE0 /* FirebaseAppCheck */,
				5676AD3C2A0858A200B2CAE0 /* FirebaseAppDistribution-Beta */,
				5676AD3E2A0858A200B2CAE0 /* FirebaseAuth */,
				5676AD402A0858A200B2CAE0 /* FirebaseAuthCombine-Community */,
				5676AD422A0858A200B2CAE0 /* FirebaseCrashlytics */,
				5676AD442A0858A200B2CAE0 /* FirebaseDatabase */,
				5676AD462A0858A200B2CAE0 /* FirebaseDatabaseSwift */,
				5676AD482A0858A200B2CAE0 /* FirebaseDynamicLinks */,
				5676AD4A2A0858A200B2CAE0 /* FirebaseFirestore */,
				5676AD4C2A0858A200B2CAE0 /* FirebaseFirestoreCombine-Community */,
				5676AD4E2A0858A200B2CAE0 /* FirebaseFirestoreSwift */,
				5676AD502A0858A200B2CAE0 /* FirebaseFunctions */,
				5676AD522A0858A200B2CAE0 /* FirebaseFunctionsCombine-Community */,
				5676AD542A0858A200B2CAE0 /* FirebaseInAppMessaging-Beta */,
				5676AD562A0858A200B2CAE0 /* FirebaseInAppMessagingSwift-Beta */,
				5676AD582A0858A200B2CAE0 /* FirebaseInstallations */,
				5676AD5A2A0858A200B2CAE0 /* FirebaseMLModelDownloader */,
				5676AD5C2A0858A200B2CAE0 /* FirebaseMessaging */,
				5676AD5E2A0858A200B2CAE0 /* FirebasePerformance */,
				5676AD602A0858A200B2CAE0 /* FirebaseRemoteConfig */,
				5676AD622A0858A200B2CAE0 /* FirebaseRemoteConfigSwift */,
				5676AD642A0858A200B2CAE0 /* FirebaseStorage */,
				5676AD662A0858A200B2CAE0 /* FirebaseStorageCombine-Community */,
			);
			productName = FanApp;
			productReference = 5635E68E29FCFB6D00017FC1 /* FanApp.app */;
			productType = "com.apple.product-type.application";
		};
		5635E6A629FCFB6E00017FC1 /* FanAppTests */ = {
			isa = PBXNativeTarget;
			buildConfigurationList = 5635E6BE29FCFB6E00017FC1 /* Build configuration list for PBXNativeTarget "FanAppTests" */;
			buildPhases = (
				5635E6A329FCFB6E00017FC1 /* Sources */,
				5635E6A429FCFB6E00017FC1 /* Frameworks */,
				5635E6A529FCFB6E00017FC1 /* Resources */,
			);
			buildRules = (
			);
			dependencies = (
				5635E6A929FCFB6E00017FC1 /* PBXTargetDependency */,
			);
			name = FanAppTests;
			productName = FanAppTests;
			productReference = 5635E6A729FCFB6E00017FC1 /* FanAppTests.xctest */;
			productType = "com.apple.product-type.bundle.unit-test";
		};
		5635E6B029FCFB6E00017FC1 /* FanAppUITests */ = {
			isa = PBXNativeTarget;
			buildConfigurationList = 5635E6C129FCFB6E00017FC1 /* Build configuration list for PBXNativeTarget "FanAppUITests" */;
			buildPhases = (
				5635E6AD29FCFB6E00017FC1 /* Sources */,
				5635E6AE29FCFB6E00017FC1 /* Frameworks */,
				5635E6AF29FCFB6E00017FC1 /* Resources */,
			);
			buildRules = (
			);
			dependencies = (
				5635E6B329FCFB6E00017FC1 /* PBXTargetDependency */,
			);
			name = FanAppUITests;
			productName = FanAppUITests;
			productReference = 5635E6B129FCFB6E00017FC1 /* FanAppUITests.xctest */;
			productType = "com.apple.product-type.bundle.ui-testing";
		};
/* End PBXNativeTarget section */

/* Begin PBXProject section */
		5635E68629FCFB6D00017FC1 /* Project object */ = {
			isa = PBXProject;
			attributes = {
				BuildIndependentTargetsInParallel = 1;
				LastSwiftUpdateCheck = 1410;
				LastUpgradeCheck = 1410;
				TargetAttributes = {
					5635E68D29FCFB6D00017FC1 = {
						CreatedOnToolsVersion = 14.1;
					};
					5635E6A629FCFB6E00017FC1 = {
						CreatedOnToolsVersion = 14.1;
						TestTargetID = 5635E68D29FCFB6D00017FC1;
					};
					5635E6B029FCFB6E00017FC1 = {
						CreatedOnToolsVersion = 14.1;
						TestTargetID = 5635E68D29FCFB6D00017FC1;
					};
				};
			};
			buildConfigurationList = 5635E68929FCFB6D00017FC1 /* Build configuration list for PBXProject "FanApp" */;
			compatibilityVersion = "Xcode 14.0";
			developmentRegion = en;
			hasScannedForEncodings = 0;
			knownRegions = (
				en,
				Base,
			);
			mainGroup = 5635E68529FCFB6D00017FC1;
			packageReferences = (
				5676AD312A0858A200B2CAE0 /* XCRemoteSwiftPackageReference "firebase-ios-sdk" */,
			);
			productRefGroup = 5635E68F29FCFB6D00017FC1 /* Products */;
			projectDirPath = "";
			projectRoot = "";
			targets = (
				5635E68D29FCFB6D00017FC1 /* FanApp */,
				5635E6A629FCFB6E00017FC1 /* FanAppTests */,
				5635E6B029FCFB6E00017FC1 /* FanAppUITests */,
			);
		};
/* End PBXProject section */

/* Begin PBXResourcesBuildPhase section */
		5635E68C29FCFB6D00017FC1 /* Resources */ = {
			isa = PBXResourcesBuildPhase;
			buildActionMask = 2147483647;
			files = (
				5635E6CF29FD067200017FC1 /* SlideCollectionViewCell.xib in Resources */,
				5635E6A129FCFB6E00017FC1 /* LaunchScreen.storyboard in Resources */,
				5676AD302A08579F00B2CAE0 /* GoogleService-Info.plist in Resources */,
				5635E69E29FCFB6E00017FC1 /* Assets.xcassets in Resources */,
				5635E69929FCFB6D00017FC1 /* Main.storyboard in Resources */,
			);
			runOnlyForDeploymentPostprocessing = 0;
		};
		5635E6A529FCFB6E00017FC1 /* Resources */ = {
			isa = PBXResourcesBuildPhase;
			buildActionMask = 2147483647;
			files = (
			);
			runOnlyForDeploymentPostprocessing = 0;
		};
		5635E6AF29FCFB6E00017FC1 /* Resources */ = {
			isa = PBXResourcesBuildPhase;
			buildActionMask = 2147483647;
			files = (
			);
			runOnlyForDeploymentPostprocessing = 0;
		};
/* End PBXResourcesBuildPhase section */

/* Begin PBXSourcesBuildPhase section */
		5635E68A29FCFB6D00017FC1 /* Sources */ = {
			isa = PBXSourcesBuildPhase;
			buildActionMask = 2147483647;
			files = (
				5635E69C29FCFB6D00017FC1 /* FanApp.xcdatamodeld in Sources */,
				563E950A29FF4F13007D357B /* RegViewController.swift in Sources */,
				563E950F29FF51E7007D357B /* AppViewController.swift in Sources */,
				561558A32A1158CB00155F3F /* Model.swift in Sources */,
				5676AD692A0AF91200B2CAE0 /* CheckField.swift in Sources */,
				5635E69229FCFB6D00017FC1 /* AppDelegate.swift in Sources */,
				563E950C29FF4F2A007D357B /* AuthViewController.swift in Sources */,
				5635E6C929FCFEC000017FC1 /* LoginViewController.swift in Sources */,
				5635E69429FCFB6D00017FC1 /* SceneDelegate.swift in Sources */,
				561558A12A1041B400155F3F /* Service.swift in Sources */,
				5635E6CE29FD067200017FC1 /* SlideCollectionViewCell.swift in Sources */,
				56AF26FE2A057C57008750B7 /* SliderSlides.swift in Sources */,
			);
			runOnlyForDeploymentPostprocessing = 0;
		};
		5635E6A329FCFB6E00017FC1 /* Sources */ = {
			isa = PBXSourcesBuildPhase;
			buildActionMask = 2147483647;
			files = (
				5635E6AC29FCFB6E00017FC1 /* FanAppTests.swift in Sources */,
			);
			runOnlyForDeploymentPostprocessing = 0;
		};
		5635E6AD29FCFB6E00017FC1 /* Sources */ = {
			isa = PBXSourcesBuildPhase;
			buildActionMask = 2147483647;
			files = (
				5635E6B829FCFB6E00017FC1 /* FanAppUITestsLaunchTests.swift in Sources */,
				5635E6B629FCFB6E00017FC1 /* FanAppUITests.swift in Sources */,
			);
			runOnlyForDeploymentPostprocessing = 0;
		};
/* End PBXSourcesBuildPhase section */

/* Begin PBXTargetDependency section */
		5635E6A929FCFB6E00017FC1 /* PBXTargetDependency */ = {
			isa = PBXTargetDependency;
			target = 5635E68D29FCFB6D00017FC1 /* FanApp */;
			targetProxy = 5635E6A829FCFB6E00017FC1 /* PBXContainerItemProxy */;
		};
		5635E6B329FCFB6E00017FC1 /* PBXTargetDependency */ = {
			isa = PBXTargetDependency;
			target = 5635E68D29FCFB6D00017FC1 /* FanApp */;
			targetProxy = 5635E6B229FCFB6E00017FC1 /* PBXContainerItemProxy */;
		};
/* End PBXTargetDependency section */

/* Begin PBXVariantGroup section */
		5635E69729FCFB6D00017FC1 /* Main.storyboard */ = {
			isa = PBXVariantGroup;
			children = (
				5635E69829FCFB6D00017FC1 /* Base */,
			);
			name = Main.storyboard;
			sourceTree = "<group>";
		};
		5635E69F29FCFB6E00017FC1 /* LaunchScreen.storyboard */ = {
			isa = PBXVariantGroup;
			children = (
				5635E6A029FCFB6E00017FC1 /* Base */,
			);
			name = LaunchScreen.storyboard;
			sourceTree = "<group>";
		};
/* End PBXVariantGroup section */

/* Begin XCBuildConfiguration section */
		5635E6B929FCFB6E00017FC1 /* Debug */ = {
			isa = XCBuildConfiguration;
			buildSettings = {
				ALWAYS_SEARCH_USER_PATHS = NO;
				CLANG_ANALYZER_NONNULL = YES;
				CLANG_ANALYZER_NUMBER_OBJECT_CONVERSION = YES_AGGRESSIVE;
				CLANG_CXX_LANGUAGE_STANDARD = "gnu++20";
				CLANG_ENABLE_MODULES = YES;
				CLANG_ENABLE_OBJC_ARC = YES;
				CLANG_ENABLE_OBJC_WEAK = YES;
				CLANG_WARN_BLOCK_CAPTURE_AUTORELEASING = YES;
				CLANG_WARN_BOOL_CONVERSION = YES;
				CLANG_WARN_COMMA = YES;
				CLANG_WARN_CONSTANT_CONVERSION = YES;
				CLANG_WARN_DEPRECATED_OBJC_IMPLEMENTATIONS = YES;
				CLANG_WARN_DIRECT_OBJC_ISA_USAGE = YES_ERROR;
				CLANG_WARN_DOCUMENTATION_COMMENTS = YES;
				CLANG_WARN_EMPTY_BODY = YES;
				CLANG_WARN_ENUM_CONVERSION = YES;
				CLANG_WARN_INFINITE_RECURSION = YES;
				CLANG_WARN_INT_CONVERSION = YES;
				CLANG_WARN_NON_LITERAL_NULL_CONVERSION = YES;
				CLANG_WARN_OBJC_IMPLICIT_RETAIN_SELF = YES;
				CLANG_WARN_OBJC_LITERAL_CONVERSION = YES;
				CLANG_WARN_OBJC_ROOT_CLASS = YES_ERROR;
				CLANG_WARN_QUOTED_INCLUDE_IN_FRAMEWORK_HEADER = YES;
				CLANG_WARN_RANGE_LOOP_ANALYSIS = YES;
				CLANG_WARN_STRICT_PROTOTYPES = YES;
				CLANG_WARN_SUSPICIOUS_MOVE = YES;
				CLANG_WARN_UNGUARDED_AVAILABILITY = YES_AGGRESSIVE;
				CLANG_WARN_UNREACHABLE_CODE = YES;
				CLANG_WARN__DUPLICATE_METHOD_MATCH = YES;
				COPY_PHASE_STRIP = NO;
				DEBUG_INFORMATION_FORMAT = dwarf;
				ENABLE_STRICT_OBJC_MSGSEND = YES;
				ENABLE_TESTABILITY = YES;
				GCC_C_LANGUAGE_STANDARD = gnu11;
				GCC_DYNAMIC_NO_PIC = NO;
				GCC_NO_COMMON_BLOCKS = YES;
				GCC_OPTIMIZATION_LEVEL = 0;
				GCC_PREPROCESSOR_DEFINITIONS = (
					"DEBUG=1",
					"$(inherited)",
				);
				GCC_WARN_64_TO_32_BIT_CONVERSION = YES;
				GCC_WARN_ABOUT_RETURN_TYPE = YES_ERROR;
				GCC_WARN_UNDECLARED_SELECTOR = YES;
				GCC_WARN_UNINITIALIZED_AUTOS = YES_AGGRESSIVE;
				GCC_WARN_UNUSED_FUNCTION = YES;
				GCC_WARN_UNUSED_VARIABLE = YES;
				IPHONEOS_DEPLOYMENT_TARGET = 16.1;
				MTL_ENABLE_DEBUG_INFO = INCLUDE_SOURCE;
				MTL_FAST_MATH = YES;
				ONLY_ACTIVE_ARCH = YES;
				SDKROOT = iphoneos;
				SWIFT_ACTIVE_COMPILATION_CONDITIONS = DEBUG;
				SWIFT_OPTIMIZATION_LEVEL = "-Onone";
			};
			name = Debug;
		};
		5635E6BA29FCFB6E00017FC1 /* Release */ = {
			isa = XCBuildConfiguration;
			buildSettings = {
				ALWAYS_SEARCH_USER_PATHS = NO;
				CLANG_ANALYZER_NONNULL = YES;
				CLANG_ANALYZER_NUMBER_OBJECT_CONVERSION = YES_AGGRESSIVE;
				CLANG_CXX_LANGUAGE_STANDARD = "gnu++20";
				CLANG_ENABLE_MODULES = YES;
				CLANG_ENABLE_OBJC_ARC = YES;
				CLANG_ENABLE_OBJC_WEAK = YES;
				CLANG_WARN_BLOCK_CAPTURE_AUTORELEASING = YES;
				CLANG_WARN_BOOL_CONVERSION = YES;
				CLANG_WARN_COMMA = YES;
				CLANG_WARN_CONSTANT_CONVERSION = YES;
				CLANG_WARN_DEPRECATED_OBJC_IMPLEMENTATIONS = YES;
				CLANG_WARN_DIRECT_OBJC_ISA_USAGE = YES_ERROR;
				CLANG_WARN_DOCUMENTATION_COMMENTS = YES;
				CLANG_WARN_EMPTY_BODY = YES;
				CLANG_WARN_ENUM_CONVERSION = YES;
				CLANG_WARN_INFINITE_RECURSION = YES;
				CLANG_WARN_INT_CONVERSION = YES;
				CLANG_WARN_NON_LITERAL_NULL_CONVERSION = YES;
				CLANG_WARN_OBJC_IMPLICIT_RETAIN_SELF = YES;
				CLANG_WARN_OBJC_LITERAL_CONVERSION = YES;
				CLANG_WARN_OBJC_ROOT_CLASS = YES_ERROR;
				CLANG_WARN_QUOTED_INCLUDE_IN_FRAMEWORK_HEADER = YES;
				CLANG_WARN_RANGE_LOOP_ANALYSIS = YES;
				CLANG_WARN_STRICT_PROTOTYPES = YES;
				CLANG_WARN_SUSPICIOUS_MOVE = YES;
				CLANG_WARN_UNGUARDED_AVAILABILITY = YES_AGGRESSIVE;
				CLANG_WARN_UNREACHABLE_CODE = YES;
				CLANG_WARN__DUPLICATE_METHOD_MATCH = YES;
				COPY_PHASE_STRIP = NO;
				DEBUG_INFORMATION_FORMAT = "dwarf-with-dsym";
				ENABLE_NS_ASSERTIONS = NO;
				ENABLE_STRICT_OBJC_MSGSEND = YES;
				GCC_C_LANGUAGE_STANDARD = gnu11;
				GCC_NO_COMMON_BLOCKS = YES;
				GCC_WARN_64_TO_32_BIT_CONVERSION = YES;
				GCC_WARN_ABOUT_RETURN_TYPE = YES_ERROR;
				GCC_WARN_UNDECLARED_SELECTOR = YES;
				GCC_WARN_UNINITIALIZED_AUTOS = YES_AGGRESSIVE;
				GCC_WARN_UNUSED_FUNCTION = YES;
				GCC_WARN_UNUSED_VARIABLE = YES;
				IPHONEOS_DEPLOYMENT_TARGET = 16.1;
				MTL_ENABLE_DEBUG_INFO = NO;
				MTL_FAST_MATH = YES;
				SDKROOT = iphoneos;
				SWIFT_COMPILATION_MODE = wholemodule;
				SWIFT_OPTIMIZATION_LEVEL = "-O";
				VALIDATE_PRODUCT = YES;
			};
			name = Release;
		};
		5635E6BC29FCFB6E00017FC1 /* Debug */ = {
			isa = XCBuildConfiguration;
			buildSettings = {
				ASSETCATALOG_COMPILER_APPICON_NAME = AppIcon;
				ASSETCATALOG_COMPILER_GLOBAL_ACCENT_COLOR_NAME = AccentColor;
				CODE_SIGN_STYLE = Automatic;
				CURRENT_PROJECT_VERSION = 1;
				DEVELOPMENT_TEAM = 5TXWS4LLL2;
				GENERATE_INFOPLIST_FILE = YES;
				INFOPLIST_FILE = FanApp/Info.plist;
				INFOPLIST_KEY_UIApplicationSupportsIndirectInputEvents = YES;
				INFOPLIST_KEY_UILaunchStoryboardName = LaunchScreen;
				INFOPLIST_KEY_UIMainStoryboardFile = Main;
				INFOPLIST_KEY_UISupportedInterfaceOrientations_iPad = "UIInterfaceOrientationPortrait UIInterfaceOrientationPortraitUpsideDown UIInterfaceOrientationLandscapeLeft UIInterfaceOrientationLandscapeRight";
				INFOPLIST_KEY_UISupportedInterfaceOrientations_iPhone = "UIInterfaceOrientationPortrait UIInterfaceOrientationLandscapeLeft UIInterfaceOrientationLandscapeRight";
				IPHONEOS_DEPLOYMENT_TARGET = 16.0;
				LD_RUNPATH_SEARCH_PATHS = (
					"$(inherited)",
					"@executable_path/Frameworks",
				);
				MARKETING_VERSION = 1.0;
				PRODUCT_BUNDLE_IDENTIFIER = sergey.FanApp;
				PRODUCT_NAME = "$(TARGET_NAME)";
				SWIFT_EMIT_LOC_STRINGS = YES;
				SWIFT_VERSION = 5.0;
				TARGETED_DEVICE_FAMILY = "1,2";
			};
			name = Debug;
		};
		5635E6BD29FCFB6E00017FC1 /* Release */ = {
			isa = XCBuildConfiguration;
			buildSettings = {
				ASSETCATALOG_COMPILER_APPICON_NAME = AppIcon;
				ASSETCATALOG_COMPILER_GLOBAL_ACCENT_COLOR_NAME = AccentColor;
				CODE_SIGN_STYLE = Automatic;
				CURRENT_PROJECT_VERSION = 1;
				DEVELOPMENT_TEAM = 5TXWS4LLL2;
				GENERATE_INFOPLIST_FILE = YES;
				INFOPLIST_FILE = FanApp/Info.plist;
				INFOPLIST_KEY_UIApplicationSupportsIndirectInputEvents = YES;
				INFOPLIST_KEY_UILaunchStoryboardName = LaunchScreen;
				INFOPLIST_KEY_UIMainStoryboardFile = Main;
				INFOPLIST_KEY_UISupportedInterfaceOrientations_iPad = "UIInterfaceOrientationPortrait UIInterfaceOrientationPortraitUpsideDown UIInterfaceOrientationLandscapeLeft UIInterfaceOrientationLandscapeRight";
				INFOPLIST_KEY_UISupportedInterfaceOrientations_iPhone = "UIInterfaceOrientationPortrait UIInterfaceOrientationLandscapeLeft UIInterfaceOrientationLandscapeRight";
				IPHONEOS_DEPLOYMENT_TARGET = 16.0;
				LD_RUNPATH_SEARCH_PATHS = (
					"$(inherited)",
					"@executable_path/Frameworks",
				);
				MARKETING_VERSION = 1.0;
				PRODUCT_BUNDLE_IDENTIFIER = sergey.FanApp;
				PRODUCT_NAME = "$(TARGET_NAME)";
				SWIFT_EMIT_LOC_STRINGS = YES;
				SWIFT_VERSION = 5.0;
				TARGETED_DEVICE_FAMILY = "1,2";
			};
			name = Release;
		};
		5635E6BF29FCFB6E00017FC1 /* Debug */ = {
			isa = XCBuildConfiguration;
			buildSettings = {
				ALWAYS_EMBED_SWIFT_STANDARD_LIBRARIES = YES;
				BUNDLE_LOADER = "$(TEST_HOST)";
				CODE_SIGN_STYLE = Automatic;
				CURRENT_PROJECT_VERSION = 1;
				DEVELOPMENT_TEAM = 5TXWS4LLL2;
				GENERATE_INFOPLIST_FILE = YES;
				IPHONEOS_DEPLOYMENT_TARGET = 16.1;
				MARKETING_VERSION = 1.0;
				PRODUCT_BUNDLE_IDENTIFIER = sergey.FanAppTests;
				PRODUCT_NAME = "$(TARGET_NAME)";
				SWIFT_EMIT_LOC_STRINGS = NO;
				SWIFT_VERSION = 5.0;
				TARGETED_DEVICE_FAMILY = "1,2";
				TEST_HOST = "$(BUILT_PRODUCTS_DIR)/FanApp.app/$(BUNDLE_EXECUTABLE_FOLDER_PATH)/FanApp";
			};
			name = Debug;
		};
		5635E6C029FCFB6E00017FC1 /* Release */ = {
			isa = XCBuildConfiguration;
			buildSettings = {
				ALWAYS_EMBED_SWIFT_STANDARD_LIBRARIES = YES;
				BUNDLE_LOADER = "$(TEST_HOST)";
				CODE_SIGN_STYLE = Automatic;
				CURRENT_PROJECT_VERSION = 1;
				DEVELOPMENT_TEAM = 5TXWS4LLL2;
				GENERATE_INFOPLIST_FILE = YES;
				IPHONEOS_DEPLOYMENT_TARGET = 16.1;
				MARKETING_VERSION = 1.0;
				PRODUCT_BUNDLE_IDENTIFIER = sergey.FanAppTests;
				PRODUCT_NAME = "$(TARGET_NAME)";
				SWIFT_EMIT_LOC_STRINGS = NO;
				SWIFT_VERSION = 5.0;
				TARGETED_DEVICE_FAMILY = "1,2";
				TEST_HOST = "$(BUILT_PRODUCTS_DIR)/FanApp.app/$(BUNDLE_EXECUTABLE_FOLDER_PATH)/FanApp";
			};
			name = Release;
		};
		5635E6C229FCFB6E00017FC1 /* Debug */ = {
			isa = XCBuildConfiguration;
			buildSettings = {
				ALWAYS_EMBED_SWIFT_STANDARD_LIBRARIES = YES;
				CODE_SIGN_STYLE = Automatic;
				CURRENT_PROJECT_VERSION = 1;
				DEVELOPMENT_TEAM = 5TXWS4LLL2;
				GENERATE_INFOPLIST_FILE = YES;
				MARKETING_VERSION = 1.0;
				PRODUCT_BUNDLE_IDENTIFIER = sergey.FanAppUITests;
				PRODUCT_NAME = "$(TARGET_NAME)";
				SWIFT_EMIT_LOC_STRINGS = NO;
				SWIFT_VERSION = 5.0;
				TARGETED_DEVICE_FAMILY = "1,2";
				TEST_TARGET_NAME = FanApp;
			};
			name = Debug;
		};
		5635E6C329FCFB6E00017FC1 /* Release */ = {
			isa = XCBuildConfiguration;
			buildSettings = {
				ALWAYS_EMBED_SWIFT_STANDARD_LIBRARIES = YES;
				CODE_SIGN_STYLE = Automatic;
				CURRENT_PROJECT_VERSION = 1;
				DEVELOPMENT_TEAM = 5TXWS4LLL2;
				GENERATE_INFOPLIST_FILE = YES;
				MARKETING_VERSION = 1.0;
				PRODUCT_BUNDLE_IDENTIFIER = sergey.FanAppUITests;
				PRODUCT_NAME = "$(TARGET_NAME)";
				SWIFT_EMIT_LOC_STRINGS = NO;
				SWIFT_VERSION = 5.0;
				TARGETED_DEVICE_FAMILY = "1,2";
				TEST_TARGET_NAME = FanApp;
			};
			name = Release;
		};
/* End XCBuildConfiguration section */

/* Begin XCConfigurationList section */
		5635E68929FCFB6D00017FC1 /* Build configuration list for PBXProject "FanApp" */ = {
			isa = XCConfigurationList;
			buildConfigurations = (
				5635E6B929FCFB6E00017FC1 /* Debug */,
				5635E6BA29FCFB6E00017FC1 /* Release */,
			);
			defaultConfigurationIsVisible = 0;
			defaultConfigurationName = Release;
		};
		5635E6BB29FCFB6E00017FC1 /* Build configuration list for PBXNativeTarget "FanApp" */ = {
			isa = XCConfigurationList;
			buildConfigurations = (
				5635E6BC29FCFB6E00017FC1 /* Debug */,
				5635E6BD29FCFB6E00017FC1 /* Release */,
			);
			defaultConfigurationIsVisible = 0;
			defaultConfigurationName = Release;
		};
		5635E6BE29FCFB6E00017FC1 /* Build configuration list for PBXNativeTarget "FanAppTests" */ = {
			isa = XCConfigurationList;
			buildConfigurations = (
				5635E6BF29FCFB6E00017FC1 /* Debug */,
				5635E6C029FCFB6E00017FC1 /* Release */,
			);
			defaultConfigurationIsVisible = 0;
			defaultConfigurationName = Release;
		};
		5635E6C129FCFB6E00017FC1 /* Build configuration list for PBXNativeTarget "FanAppUITests" */ = {
			isa = XCConfigurationList;
			buildConfigurations = (
				5635E6C229FCFB6E00017FC1 /* Debug */,
				5635E6C329FCFB6E00017FC1 /* Release */,
			);
			defaultConfigurationIsVisible = 0;
			defaultConfigurationName = Release;
		};
/* End XCConfigurationList section */

/* Begin XCRemoteSwiftPackageReference section */
		5676AD312A0858A200B2CAE0 /* XCRemoteSwiftPackageReference "firebase-ios-sdk" */ = {
			isa = XCRemoteSwiftPackageReference;
			repositoryURL = "https://github.com/firebase/firebase-ios-sdk";
			requirement = {
				kind = upToNextMajorVersion;
				minimumVersion = 9.0.0;
			};
		};
/* End XCRemoteSwiftPackageReference section */

/* Begin XCSwiftPackageProductDependency section */
		5676AD322A0858A200B2CAE0 /* FirebaseAnalytics */ = {
			isa = XCSwiftPackageProductDependency;
			package = 5676AD312A0858A200B2CAE0 /* XCRemoteSwiftPackageReference "firebase-ios-sdk" */;
			productName = FirebaseAnalytics;
		};
		5676AD342A0858A200B2CAE0 /* FirebaseAnalyticsOnDeviceConversion */ = {
			isa = XCSwiftPackageProductDependency;
			package = 5676AD312A0858A200B2CAE0 /* XCRemoteSwiftPackageReference "firebase-ios-sdk" */;
			productName = FirebaseAnalyticsOnDeviceConversion;
		};
		5676AD362A0858A200B2CAE0 /* FirebaseAnalyticsSwift */ = {
			isa = XCSwiftPackageProductDependency;
			package = 5676AD312A0858A200B2CAE0 /* XCRemoteSwiftPackageReference "firebase-ios-sdk" */;
			productName = FirebaseAnalyticsSwift;
		};
		5676AD382A0858A200B2CAE0 /* FirebaseAnalyticsWithoutAdIdSupport */ = {
			isa = XCSwiftPackageProductDependency;
			package = 5676AD312A0858A200B2CAE0 /* XCRemoteSwiftPackageReference "firebase-ios-sdk" */;
			productName = FirebaseAnalyticsWithoutAdIdSupport;
		};
		5676AD3A2A0858A200B2CAE0 /* FirebaseAppCheck */ = {
			isa = XCSwiftPackageProductDependency;
			package = 5676AD312A0858A200B2CAE0 /* XCRemoteSwiftPackageReference "firebase-ios-sdk" */;
			productName = FirebaseAppCheck;
		};
		5676AD3C2A0858A200B2CAE0 /* FirebaseAppDistribution-Beta */ = {
			isa = XCSwiftPackageProductDependency;
			package = 5676AD312A0858A200B2CAE0 /* XCRemoteSwiftPackageReference "firebase-ios-sdk" */;
			productName = "FirebaseAppDistribution-Beta";
		};
		5676AD3E2A0858A200B2CAE0 /* FirebaseAuth */ = {
			isa = XCSwiftPackageProductDependency;
			package = 5676AD312A0858A200B2CAE0 /* XCRemoteSwiftPackageReference "firebase-ios-sdk" */;
			productName = FirebaseAuth;
		};
		5676AD402A0858A200B2CAE0 /* FirebaseAuthCombine-Community */ = {
			isa = XCSwiftPackageProductDependency;
			package = 5676AD312A0858A200B2CAE0 /* XCRemoteSwiftPackageReference "firebase-ios-sdk" */;
			productName = "FirebaseAuthCombine-Community";
		};
		5676AD422A0858A200B2CAE0 /* FirebaseCrashlytics */ = {
			isa = XCSwiftPackageProductDependency;
			package = 5676AD312A0858A200B2CAE0 /* XCRemoteSwiftPackageReference "firebase-ios-sdk" */;
			productName = FirebaseCrashlytics;
		};
		5676AD442A0858A200B2CAE0 /* FirebaseDatabase */ = {
			isa = XCSwiftPackageProductDependency;
			package = 5676AD312A0858A200B2CAE0 /* XCRemoteSwiftPackageReference "firebase-ios-sdk" */;
			productName = FirebaseDatabase;
		};
		5676AD462A0858A200B2CAE0 /* FirebaseDatabaseSwift */ = {
			isa = XCSwiftPackageProductDependency;
			package = 5676AD312A0858A200B2CAE0 /* XCRemoteSwiftPackageReference "firebase-ios-sdk" */;
			productName = FirebaseDatabaseSwift;
		};
		5676AD482A0858A200B2CAE0 /* FirebaseDynamicLinks */ = {
			isa = XCSwiftPackageProductDependency;
			package = 5676AD312A0858A200B2CAE0 /* XCRemoteSwiftPackageReference "firebase-ios-sdk" */;
			productName = FirebaseDynamicLinks;
		};
		5676AD4A2A0858A200B2CAE0 /* FirebaseFirestore */ = {
			isa = XCSwiftPackageProductDependency;
			package = 5676AD312A0858A200B2CAE0 /* XCRemoteSwiftPackageReference "firebase-ios-sdk" */;
			productName = FirebaseFirestore;
		};
		5676AD4C2A0858A200B2CAE0 /* FirebaseFirestoreCombine-Community */ = {
			isa = XCSwiftPackageProductDependency;
			package = 5676AD312A0858A200B2CAE0 /* XCRemoteSwiftPackageReference "firebase-ios-sdk" */;
			productName = "FirebaseFirestoreCombine-Community";
		};
		5676AD4E2A0858A200B2CAE0 /* FirebaseFirestoreSwift */ = {
			isa = XCSwiftPackageProductDependency;
			package = 5676AD312A0858A200B2CAE0 /* XCRemoteSwiftPackageReference "firebase-ios-sdk" */;
			productName = FirebaseFirestoreSwift;
		};
		5676AD502A0858A200B2CAE0 /* FirebaseFunctions */ = {
			isa = XCSwiftPackageProductDependency;
			package = 5676AD312A0858A200B2CAE0 /* XCRemoteSwiftPackageReference "firebase-ios-sdk" */;
			productName = FirebaseFunctions;
		};
		5676AD522A0858A200B2CAE0 /* FirebaseFunctionsCombine-Community */ = {
			isa = XCSwiftPackageProductDependency;
			package = 5676AD312A0858A200B2CAE0 /* XCRemoteSwiftPackageReference "firebase-ios-sdk" */;
			productName = "FirebaseFunctionsCombine-Community";
		};
		5676AD542A0858A200B2CAE0 /* FirebaseInAppMessaging-Beta */ = {
			isa = XCSwiftPackageProductDependency;
			package = 5676AD312A0858A200B2CAE0 /* XCRemoteSwiftPackageReference "firebase-ios-sdk" */;
			productName = "FirebaseInAppMessaging-Beta";
		};
		5676AD562A0858A200B2CAE0 /* FirebaseInAppMessagingSwift-Beta */ = {
			isa = XCSwiftPackageProductDependency;
			package = 5676AD312A0858A200B2CAE0 /* XCRemoteSwiftPackageReference "firebase-ios-sdk" */;
			productName = "FirebaseInAppMessagingSwift-Beta";
		};
		5676AD582A0858A200B2CAE0 /* FirebaseInstallations */ = {
			isa = XCSwiftPackageProductDependency;
			package = 5676AD312A0858A200B2CAE0 /* XCRemoteSwiftPackageReference "firebase-ios-sdk" */;
			productName = FirebaseInstallations;
		};
		5676AD5A2A0858A200B2CAE0 /* FirebaseMLModelDownloader */ = {
			isa = XCSwiftPackageProductDependency;
			package = 5676AD312A0858A200B2CAE0 /* XCRemoteSwiftPackageReference "firebase-ios-sdk" */;
			productName = FirebaseMLModelDownloader;
		};
		5676AD5C2A0858A200B2CAE0 /* FirebaseMessaging */ = {
			isa = XCSwiftPackageProductDependency;
			package = 5676AD312A0858A200B2CAE0 /* XCRemoteSwiftPackageReference "firebase-ios-sdk" */;
			productName = FirebaseMessaging;
		};
		5676AD5E2A0858A200B2CAE0 /* FirebasePerformance */ = {
			isa = XCSwiftPackageProductDependency;
			package = 5676AD312A0858A200B2CAE0 /* XCRemoteSwiftPackageReference "firebase-ios-sdk" */;
			productName = FirebasePerformance;
		};
		5676AD602A0858A200B2CAE0 /* FirebaseRemoteConfig */ = {
			isa = XCSwiftPackageProductDependency;
			package = 5676AD312A0858A200B2CAE0 /* XCRemoteSwiftPackageReference "firebase-ios-sdk" */;
			productName = FirebaseRemoteConfig;
		};
		5676AD622A0858A200B2CAE0 /* FirebaseRemoteConfigSwift */ = {
			isa = XCSwiftPackageProductDependency;
			package = 5676AD312A0858A200B2CAE0 /* XCRemoteSwiftPackageReference "firebase-ios-sdk" */;
			productName = FirebaseRemoteConfigSwift;
		};
		5676AD642A0858A200B2CAE0 /* FirebaseStorage */ = {
			isa = XCSwiftPackageProductDependency;
			package = 5676AD312A0858A200B2CAE0 /* XCRemoteSwiftPackageReference "firebase-ios-sdk" */;
			productName = FirebaseStorage;
		};
		5676AD662A0858A200B2CAE0 /* FirebaseStorageCombine-Community */ = {
			isa = XCSwiftPackageProductDependency;
			package = 5676AD312A0858A200B2CAE0 /* XCRemoteSwiftPackageReference "firebase-ios-sdk" */;
			productName = "FirebaseStorageCombine-Community";
		};
/* End XCSwiftPackageProductDependency section */

/* Begin XCVersionGroup section */
		5635E69A29FCFB6D00017FC1 /* FanApp.xcdatamodeld */ = {
			isa = XCVersionGroup;
			children = (
				5635E69B29FCFB6D00017FC1 /* FanApp.xcdatamodel */,
			);
			currentVersion = 5635E69B29FCFB6D00017FC1 /* FanApp.xcdatamodel */;
			path = FanApp.xcdatamodeld;
			sourceTree = "<group>";
			versionGroupType = wrapper.xcdatamodel;
		};
/* End XCVersionGroup section */
	};
	rootObject = 5635E68629FCFB6D00017FC1 /* Project object */;
}
